{
  "name": "i2b2-dblclient",
  "version": "1.0.0",
  "lockfileVersion": 1,
  "requires": true,
  "dependencies": {
    "@types/geojson": {
      "version": "https://registry.npmjs.org/@types/geojson/-/geojson-1.0.2.tgz",
      "integrity": "sha1-sC0QqwKOKSisWSoFGqpJgaGUHQM="
    },
    "ap": {
      "version": "https://registry.npmjs.org/ap/-/ap-0.2.0.tgz",
      "integrity": "sha1-rglCYAspkS8NKxTsYMRejzMLYRA="
    },
    "bluebird": {
      "version": "https://registry.npmjs.org/bluebird/-/bluebird-3.5.0.tgz",
      "integrity": "sha1-eRQg1/VR7qKJdFOop3ZT+WYG1nw="
    },
    "buffer-writer": {
      "version": "https://registry.npmjs.org/buffer-writer/-/buffer-writer-1.0.1.tgz",
      "integrity": "sha1-Iqk2kB4wKa/NdUfrRIfOtpejvwg="
    },
    "cross-env": {
      "version": "https://registry.npmjs.org/cross-env/-/cross-env-3.2.4.tgz",
      "integrity": "sha1-ngWF8neGTtQhznVvgamA/w1piro=",
      "requires": {
        "cross-spawn": "https://registry.npmjs.org/cross-spawn/-/cross-spawn-5.1.0.tgz",
        "is-windows": "https://registry.npmjs.org/is-windows/-/is-windows-1.0.1.tgz"
      }
    },
    "cross-spawn": {
      "version": "https://registry.npmjs.org/cross-spawn/-/cross-spawn-5.1.0.tgz",
      "integrity": "sha1-6L0O/uWPz/b4+UUQoKVUu/ojVEk=",
      "requires": {
        "lru-cache": "https://registry.npmjs.org/lru-cache/-/lru-cache-4.0.2.tgz",
        "shebang-command": "https://registry.npmjs.org/shebang-command/-/shebang-command-1.2.0.tgz",
        "which": "https://registry.npmjs.org/which/-/which-1.2.14.tgz"
      }
    },
    "debug": {
      "version": "https://registry.npmjs.org/debug/-/debug-2.6.8.tgz",
      "integrity": "sha1-5zFTHKLt4n0YgiJCfaF4IdaP9Pw=",
      "requires": {
        "ms": "https://registry.npmjs.org/ms/-/ms-2.0.0.tgz"
      }
    },
    "depd": {
      "version": "https://registry.npmjs.org/depd/-/depd-1.1.0.tgz",
      "integrity": "sha1-4b2Cxqq2ztlluXuIsX7T5SjKGMM="
    },
    "dottie": {
      "version": "https://registry.npmjs.org/dottie/-/dottie-1.1.1.tgz",
      "integrity": "sha1-RcKj9IvWUo7u0memmoSOqspvqmo="
    },
    "generic-pool": {
      "version": "https://registry.npmjs.org/generic-pool/-/generic-pool-2.4.2.tgz",
      "integrity": "sha1-iGvFvwvrfblugby7oHiBjeWmJoM="
    },
    "inflection": {
      "version": "https://registry.npmjs.org/inflection/-/inflection-1.12.0.tgz",
      "integrity": "sha1-ogCTVlbW9fa8TcdQLhrstwMihBY="
    },
    "is-windows": {
      "version": "https://registry.npmjs.org/is-windows/-/is-windows-1.0.1.tgz",
      "integrity": "sha1-MQ23D3QtJZoWo2kgK1GvhCMzENk="
    },
    "isexe": {
      "version": "https://registry.npmjs.org/isexe/-/isexe-2.0.0.tgz",
      "integrity": "sha1-6PvzdNxVb/iUehDcsFctYz8s+hA="
    },
    "lodash": {
      "version": "https://registry.npmjs.org/lodash/-/lodash-4.12.0.tgz",
      "integrity": "sha1-K9bcRqBA9Z5obJcu0h2T3FkFMlg="
    },
    "lru-cache": {
      "version": "https://registry.npmjs.org/lru-cache/-/lru-cache-4.0.2.tgz",
      "integrity": "sha1-HRdnnAac2l0ECZGgnbwsDbN35V4=",
      "requires": {
        "pseudomap": "https://registry.npmjs.org/pseudomap/-/pseudomap-1.0.2.tgz",
        "yallist": "https://registry.npmjs.org/yallist/-/yallist-2.1.2.tgz"
      }
    },
    "manakin": {
      "version": "https://registry.npmjs.org/manakin/-/manakin-0.4.7.tgz",
      "integrity": "sha1-QcpEm1W+qcTE/s7Dk7nE1jgY/D8="
    },
    "moment": {
      "version": "https://registry.npmjs.org/moment/-/moment-2.18.1.tgz",
      "integrity": "sha1-w2GT3Tzhwu7SrbfIAtu8d6gbHA8="
    },
    "moment-timezone": {
      "version": "https://registry.npmjs.org/moment-timezone/-/moment-timezone-0.5.13.tgz",
      "integrity": "sha1-mc5cfYJyYusPH3AgRBd/YHRde5A=",
      "requires": {
        "moment": "https://registry.npmjs.org/moment/-/moment-2.18.1.tgz"
      }
    },
    "ms": {
      "version": "https://registry.npmjs.org/ms/-/ms-2.0.0.tgz",
      "integrity": "sha1-VgiurfwAvmwpAd9fmGF4jeDVl8g="
    },
    "object-assign": {
      "version": "https://registry.npmjs.org/object-assign/-/object-assign-4.1.0.tgz",
      "integrity": "sha1-ejs9DpgGPUP0wD8uiubNUahog6A="
    },
    "packet-reader": {
      "version": "https://registry.npmjs.org/packet-reader/-/packet-reader-0.3.1.tgz",
      "integrity": "sha1-zWLmCvjX/qinBexP+ZCHHEaHHyc="
    },
    "pg": {
      "version": "https://registry.npmjs.org/pg/-/pg-6.2.3.tgz",
      "integrity": "sha1-iYi3xpoYdamX1zuSA2xCWQtfgCQ=",
      "requires": {
        "buffer-writer": "https://registry.npmjs.org/buffer-writer/-/buffer-writer-1.0.1.tgz",
        "packet-reader": "https://registry.npmjs.org/packet-reader/-/packet-reader-0.3.1.tgz",
        "pg-connection-string": "https://registry.npmjs.org/pg-connection-string/-/pg-connection-string-0.1.3.tgz",
        "pg-pool": "https://registry.npmjs.org/pg-pool/-/pg-pool-1.7.1.tgz",
        "pg-types": "https://registry.npmjs.org/pg-types/-/pg-types-1.12.0.tgz",
        "pgpass": "https://registry.npmjs.org/pgpass/-/pgpass-1.0.2.tgz",
        "semver": "https://registry.npmjs.org/semver/-/semver-4.3.2.tgz"
      },
      "dependencies": {
        "semver": {
          "version": "https://registry.npmjs.org/semver/-/semver-4.3.2.tgz",
          "integrity": "sha1-x6BxWKgL7dBSNVt3DYLWZA+AO+c="
        }
      }
    },
    "pg-connection-string": {
      "version": "https://registry.npmjs.org/pg-connection-string/-/pg-connection-string-0.1.3.tgz",
      "integrity": "sha1-2hhHsglA5C7hSSvq9l1J2RskXfc="
    },
    "pg-hstore": {
      "version": "https://registry.npmjs.org/pg-hstore/-/pg-hstore-2.3.2.tgz",
      "integrity": "sha1-9+8FPnubiSrphq8vfL6GQy388k8=",
      "requires": {
        "underscore": "https://registry.npmjs.org/underscore/-/underscore-1.8.3.tgz"
      }
    },
    "pg-minify": {
      "version": "https://registry.npmjs.org/pg-minify/-/pg-minify-0.4.2.tgz",
      "integrity": "sha1-x1tLWHiWD7CcO5pNTrEDaup+oOM="
    },
    "pg-pool": {
      "version": "https://registry.npmjs.org/pg-pool/-/pg-pool-1.7.1.tgz",
      "integrity": "sha1-QhEFy3Rpl53MSNb8T+P+RllDdDc=",
      "requires": {
        "generic-pool": "https://registry.npmjs.org/generic-pool/-/generic-pool-2.4.3.tgz",
        "object-assign": "https://registry.npmjs.org/object-assign/-/object-assign-4.1.0.tgz"
      },
      "dependencies": {
        "generic-pool": {
          "version": "https://registry.npmjs.org/generic-pool/-/generic-pool-2.4.3.tgz",
          "integrity": "sha1-eAw29p360FpaBF3Te+etyhGk9v8="
        }
      }
    },
    "pg-promise": {
      "version": "https://registry.npmjs.org/pg-promise/-/pg-promise-5.8.2.tgz",
      "integrity": "sha1-xX8mTlZxAE15vdJ7BPzyfKR1MCU=",
      "requires": {
        "manakin": "https://registry.npmjs.org/manakin/-/manakin-0.4.7.tgz",
        "pg": "https://registry.npmjs.org/pg/-/pg-5.1.0.tgz",
        "pg-minify": "https://registry.npmjs.org/pg-minify/-/pg-minify-0.4.2.tgz",
        "spex": "https://registry.npmjs.org/spex/-/spex-1.2.0.tgz"
      },
      "dependencies": {
        "packet-reader": {
          "version": "https://registry.npmjs.org/packet-reader/-/packet-reader-0.2.0.tgz",
          "integrity": "sha1-gZ300BC4LV6lZx+KGjrPA5vNdwA="
        },
        "pg": {
          "version": "https://registry.npmjs.org/pg/-/pg-5.1.0.tgz",
          "integrity": "sha1-BzubNnY62KVHjbuF7/70XnObqdg=",
          "requires": {
            "buffer-writer": "https://registry.npmjs.org/buffer-writer/-/buffer-writer-1.0.1.tgz",
            "generic-pool": "https://registry.npmjs.org/generic-pool/-/generic-pool-2.4.2.tgz",
            "packet-reader": "https://registry.npmjs.org/packet-reader/-/packet-reader-0.2.0.tgz",
            "pg-connection-string": "https://registry.npmjs.org/pg-connection-string/-/pg-connection-string-0.1.3.tgz",
            "pg-types": "https://registry.npmjs.org/pg-types/-/pg-types-1.12.0.tgz",
            "pgpass": "https://registry.npmjs.org/pgpass/-/pgpass-0.0.6.tgz",
            "semver": "https://registry.npmjs.org/semver/-/semver-4.3.2.tgz"
          }
        },
        "pgpass": {
          "version": "https://registry.npmjs.org/pgpass/-/pgpass-0.0.6.tgz",
          "integrity": "sha1-9idiANAXOdoe6mMTi9yjX/S9coA=",
          "requires": {
            "split": "https://registry.npmjs.org/split/-/split-1.0.0.tgz"
          }
        },
        "semver": {
          "version": "https://registry.npmjs.org/semver/-/semver-4.3.2.tgz",
          "integrity": "sha1-x6BxWKgL7dBSNVt3DYLWZA+AO+c="
        }
      }
    },
    "pg-types": {
      "version": "https://registry.npmjs.org/pg-types/-/pg-types-1.12.0.tgz",
      "integrity": "sha1-itO3uJfj/UY+Yt4kGtX8ZAtKZvA=",
      "requires": {
        "ap": "https://registry.npmjs.org/ap/-/ap-0.2.0.tgz",
        "postgres-array": "https://registry.npmjs.org/postgres-array/-/postgres-array-1.0.2.tgz",
        "postgres-bytea": "https://registry.npmjs.org/postgres-bytea/-/postgres-bytea-1.0.0.tgz",
        "postgres-date": "https://registry.npmjs.org/postgres-date/-/postgres-date-1.0.3.tgz",
        "postgres-interval": "https://registry.npmjs.org/postgres-interval/-/postgres-interval-1.1.0.tgz"
      }
    },
    "pgpass": {
      "version": "https://registry.npmjs.org/pgpass/-/pgpass-1.0.2.tgz",
      "integrity": "sha1-Knu0G2BltnkH6R2hsHwYR8h3swY=",
      "requires": {
        "split": "https://registry.npmjs.org/split/-/split-1.0.0.tgz"
      }
    },
    "postgres-array": {
      "version": "https://registry.npmjs.org/postgres-array/-/postgres-array-1.0.2.tgz",
      "integrity": "sha1-jgsy6wO/d6XAp4UeBEHBaaJWojg="
    },
    "postgres-bytea": {
      "version": "https://registry.npmjs.org/postgres-bytea/-/postgres-bytea-1.0.0.tgz",
      "integrity": "sha1-AntTPAqokOJtFy1Hz5zOzFIazTU="
    },
    "postgres-date": {
      "version": "https://registry.npmjs.org/postgres-date/-/postgres-date-1.0.3.tgz",
      "integrity": "sha1-4tiXAu/bJY/52c7g/pG9BpdSV6g="
    },
    "postgres-interval": {
      "version": "https://registry.npmjs.org/postgres-interval/-/postgres-interval-1.1.0.tgz",
      "integrity": "sha1-EDHnusNFZBMoYq3J62xtLzqnW7Q=",
      "requires": {
        "xtend": "https://registry.npmjs.org/xtend/-/xtend-4.0.1.tgz"
      }
    },
    "pseudomap": {
      "version": "https://registry.npmjs.org/pseudomap/-/pseudomap-1.0.2.tgz",
      "integrity": "sha1-8FKijacOYYkX7wqKw0wa5aaChrM="
    },
    "retry-as-promised": {
      "version": "https://registry.npmjs.org/retry-as-promised/-/retry-as-promised-2.2.0.tgz",
      "integrity": "sha1-sEY9f9PPWy/tZFAKtui4pJxbjmw=",
      "requires": {
        "bluebird": "https://registry.npmjs.org/bluebird/-/bluebird-3.5.0.tgz",
        "cross-env": "https://registry.npmjs.org/cross-env/-/cross-env-3.2.4.tgz",
        "debug": "https://registry.npmjs.org/debug/-/debug-2.6.8.tgz"
      }
    },
    "semver": {
      "version": "https://registry.npmjs.org/semver/-/semver-5.3.0.tgz",
      "integrity": "sha1-myzl094C0XxgEq0yaqa00M9U+U8="
    },
    "sequelize": {
      "version": "https://registry.npmjs.org/sequelize/-/sequelize-3.30.4.tgz",
      "integrity": "sha1-vaLfHjGFSwmeQUmhEen8Clyh0aQ=",
      "requires": {
        "bluebird": "https://registry.npmjs.org/bluebird/-/bluebird-3.5.0.tgz",
        "depd": "https://registry.npmjs.org/depd/-/depd-1.1.0.tgz",
        "dottie": "https://registry.npmjs.org/dottie/-/dottie-1.1.1.tgz",
        "generic-pool": "https://registry.npmjs.org/generic-pool/-/generic-pool-2.4.2.tgz",
        "inflection": "https://registry.npmjs.org/inflection/-/inflection-1.12.0.tgz",
        "lodash": "https://registry.npmjs.org/lodash/-/lodash-4.12.0.tgz",
        "moment": "https://registry.npmjs.org/moment/-/moment-2.18.1.tgz",
        "moment-timezone": "https://registry.npmjs.org/moment-timezone/-/moment-timezone-0.5.13.tgz",
        "retry-as-promised": "https://registry.npmjs.org/retry-as-promised/-/retry-as-promised-2.2.0.tgz",
        "semver": "https://registry.npmjs.org/semver/-/semver-5.3.0.tgz",
        "shimmer": "https://registry.npmjs.org/shimmer/-/shimmer-1.1.0.tgz",
        "terraformer-wkt-parser": "https://registry.npmjs.org/terraformer-wkt-parser/-/terraformer-wkt-parser-1.1.2.tgz",
        "toposort-class": "https://registry.npmjs.org/toposort-class/-/toposort-class-1.0.1.tgz",
        "uuid": "https://registry.npmjs.org/uuid/-/uuid-3.0.1.tgz",
        "validator": "https://registry.npmjs.org/validator/-/validator-5.7.0.tgz",
        "wkx": "https://registry.npmjs.org/wkx/-/wkx-0.2.0.tgz"
      }
    },
    "shebang-command": {
      "version": "https://registry.npmjs.org/shebang-command/-/shebang-command-1.2.0.tgz",
      "integrity": "sha1-RKrGW2lbAzmJaMOfNj/uXer98eo=",
      "requires": {
        "shebang-regex": "https://registry.npmjs.org/shebang-regex/-/shebang-regex-1.0.0.tgz"
      }
    },
    "shebang-regex": {
      "version": "https://registry.npmjs.org/shebang-regex/-/shebang-regex-1.0.0.tgz",
      "integrity": "sha1-2kL0l0DAtC2yypcoVxyxkMmO/qM="
    },
    "shimmer": {
      "version": "https://registry.npmjs.org/shimmer/-/shimmer-1.1.0.tgz",
      "integrity": "sha1-l9c3cTf/u6tCVSLkKf4KqJpIizU="
    },
    "spex": {
      "version": "https://registry.npmjs.org/spex/-/spex-1.2.0.tgz",
      "integrity": "sha1-YmSzuKy8RER38G27ZtQlwO4QdMA="
    },
    "split": {
      "version": "https://registry.npmjs.org/split/-/split-1.0.0.tgz",
      "integrity": "sha1-xDlc5oOrzSVLwo/h2rtuXCfc/64=",
      "requires": {
        "through": "https://registry.npmjs.org/through/-/through-2.3.8.tgz"
      }
    },
    "terraformer": {
      "version": "https://registry.npmjs.org/terraformer/-/terraformer-1.0.8.tgz",
      "integrity": "sha1-UeCtiXRvzyFh3G9lqnDkI3fItZM=",
      "requires": {
        "@types/geojson": "https://registry.npmjs.org/@types/geojson/-/geojson-1.0.2.tgz"
      }
    },
    "terraformer-wkt-parser": {
      "version": "https://registry.npmjs.org/terraformer-wkt-parser/-/terraformer-wkt-parser-1.1.2.tgz",
      "integrity": "sha1-M2oMj8gglKWv+DKI9prt7NNpvww=",
      "requires": {
        "terraformer": "https://registry.npmjs.org/terraformer/-/terraformer-1.0.8.tgz"
      }
    },
    "through": {
      "version": "https://registry.npmjs.org/through/-/through-2.3.8.tgz",
      "integrity": "sha1-DdTJ/6q8NXlgsbckEV1+Doai4fU="
    },
    "toposort-class": {
      "version": "https://registry.npmjs.org/toposort-class/-/toposort-class-1.0.1.tgz",
      "integrity": "sha1-f/0feMi+KMO6Rc1OGj9e4ZO9mYg="
    },
    "underscore": {
      "version": "https://registry.npmjs.org/underscore/-/underscore-1.8.3.tgz",
      "integrity": "sha1-Tz+1OxBuYJf8+ctBCfKl6b36UCI="
    },
    "uuid": {
      "version": "https://registry.npmjs.org/uuid/-/uuid-3.0.1.tgz",
      "integrity": "sha1-ZUS7ot/ajBzxfmKaOjBeK7H+5sE="
    },
    "validator": {
      "version": "https://registry.npmjs.org/validator/-/validator-5.7.0.tgz",
      "integrity": "sha1-eoelgUa2laxIYHEUHAxJ1n2gXlw="
    },
    "which": {
      "version": "https://registry.npmjs.org/which/-/which-1.2.14.tgz",
      "integrity": "sha1-mofEN48D6CfOyvGs31bHNsAcFOU=",
      "requires": {
        "isexe": "https://registry.npmjs.org/isexe/-/isexe-2.0.0.tgz"
      }
    },
    "wkx": {
      "version": "https://registry.npmjs.org/wkx/-/wkx-0.2.0.tgz",
      "integrity": "sha1-dsJPFqzQzY+TzTSqMx4PeWElboQ="
    },
    "xtend": {
      "version": "https://registry.npmjs.org/xtend/-/xtend-4.0.1.tgz",
      "integrity": "sha1-pcbVMr5lbiPbgg77lDofBJmNY68="
    },
    "yallist": {
      "version": "https://registry.npmjs.org/yallist/-/yallist-2.1.2.tgz",
      "integrity": "sha1-HBH5IY8HYImkfdUS+TxmmaaoHVI="
    }
  }
}
